// !$*UTF8*$!
{
	archiveVersion = 1;
	classes = {
	};
	objectVersion = 50;
	objects = {

/* Begin PBXBuildFile section */
		84751F2425C93596008B5DCD /* AppDelegate.swift in Sources */ = {isa = PBXBuildFile; fileRef = 84751F2325C93596008B5DCD /* AppDelegate.swift */; };
		84751F2625C93597008B5DCD /* SceneDelegate.swift in Sources */ = {isa = PBXBuildFile; fileRef = 84751F2525C93597008B5DCD /* SceneDelegate.swift */; };
		84751F2825C93597008B5DCD /* ViewController.swift in Sources */ = {isa = PBXBuildFile; fileRef = 84751F2725C93597008B5DCD /* ViewController.swift */; };
		84751F2B25C93597008B5DCD /* Main.storyboard in Resources */ = {isa = PBXBuildFile; fileRef = 84751F2925C93597008B5DCD /* Main.storyboard */; };
		84751F2D25C9359A008B5DCD /* Assets.xcassets in Resources */ = {isa = PBXBuildFile; fileRef = 84751F2C25C9359A008B5DCD /* Assets.xcassets */; };
		84751F3025C9359A008B5DCD /* LaunchScreen.storyboard in Resources */ = {isa = PBXBuildFile; fileRef = 84751F2E25C9359A008B5DCD /* LaunchScreen.storyboard */; };
		84751F3B25C9359B008B5DCD /* preworkTests.swift in Sources */ = {isa = PBXBuildFile; fileRef = 84751F3A25C9359B008B5DCD /* preworkTests.swift */; };
		84751F4625C9359B008B5DCD /* preworkUITests.swift in Sources */ = {isa = PBXBuildFile; fileRef = 84751F4525C9359B008B5DCD /* preworkUITests.swift */; };
/* End PBXBuildFile section */

/* Begin PBXContainerItemProxy section */
		84751F3725C9359B008B5DCD /* PBXContainerItemProxy */ = {
			isa = PBXContainerItemProxy;
			containerPortal = 84751F1825C93596008B5DCD /* Project object */;
			proxyType = 1;
			remoteGlobalIDString = 84751F1F25C93596008B5DCD;
			remoteInfo = prework;
		};
		84751F4225C9359B008B5DCD /* PBXContainerItemProxy */ = {
			isa = PBXContainerItemProxy;
			containerPortal = 84751F1825C93596008B5DCD /* Project object */;
			proxyType = 1;
			remoteGlobalIDString = 84751F1F25C93596008B5DCD;
			remoteInfo = prework;
		};
/* End PBXContainerItemProxy section */

/* Begin PBXFileReference section */
		84751F2025C93596008B5DCD /* prework.app */ = {isa = PBXFileReference; explicitFileType = wrapper.application; includeInIndex = 0; path = prework.app; sourceTree = BUILT_PRODUCTS_DIR; };
		84751F2325C93596008B5DCD /* AppDelegate.swift */ = {isa = PBXFileReference; lastKnownFileType = sourcecode.swift; path = AppDelegate.swift; sourceTree = "<group>"; };
		84751F2525C93597008B5DCD /* SceneDelegate.swift */ = {isa = PBXFileReference; lastKnownFileType = sourcecode.swift; path = SceneDelegate.swift; sourceTree = "<group>"; };
		84751F2725C93597008B5DCD /* ViewController.swift */ = {isa = PBXFileReference; lastKnownFileType = sourcecode.swift; path = ViewController.swift; sourceTree = "<group>"; };
		84751F2A25C93597008B5DCD /* Base */ = {isa = PBXFileReference; lastKnownFileType = file.storyboard; name = Base; path = Base.lproj/Main.storyboard; sourceTree = "<group>"; };
		84751F2C25C9359A008B5DCD /* Assets.xcassets */ = {isa = PBXFileReference; lastKnownFileType = folder.assetcatalog; path = Assets.xcassets; sourceTree = "<group>"; };
		84751F2F25C9359A008B5DCD /* Base */ = {isa = PBXFileReference; lastKnownFileType = file.storyboard; name = Base; path = Base.lproj/LaunchScreen.storyboard; sourceTree = "<group>"; };
		84751F3125C9359A008B5DCD /* Info.plist */ = {isa = PBXFileReference; lastKnownFileType = text.plist.xml; path = Info.plist; sourceTree = "<group>"; };
		84751F3625C9359B008B5DCD /* preworkTests.xctest */ = {isa = PBXFileReference; explicitFileType = wrapper.cfbundle; includeInIndex = 0; path = preworkTests.xctest; sourceTree = BUILT_PRODUCTS_DIR; };
		84751F3A25C9359B008B5DCD /* preworkTests.swift */ = {isa = PBXFileReference; lastKnownFileType = sourcecode.swift; path = preworkTests.swift; sourceTree = "<group>"; };
		84751F3C25C9359B008B5DCD /* Info.plist */ = {isa = PBXFileReference; lastKnownFileType = text.plist.xml; path = Info.plist; sourceTree = "<group>"; };
		84751F4125C9359B008B5DCD /* preworkUITests.xctest */ = {isa = PBXFileReference; explicitFileType = wrapper.cfbundle; includeInIndex = 0; path = preworkUITests.xctest; sourceTree = BUILT_PRODUCTS_DIR; };
		84751F4525C9359B008B5DCD /* preworkUITests.swift */ = {isa = PBXFileReference; lastKnownFileType = sourcecode.swift; path = preworkUITests.swift; sourceTree = "<group>"; };
		84751F4725C9359B008B5DCD /* Info.plist */ = {isa = PBXFileReference; lastKnownFileType = text.plist.xml; path = Info.plist; sourceTree = "<group>"; };
/* End PBXFileReference section */

/* Begin PBXFrameworksBuildPhase section */
		84751F1D25C93596008B5DCD /* Frameworks */ = {
			isa = PBXFrameworksBuildPhase;
			buildActionMask = 2147483647;
			files = (
			);
			runOnlyForDeploymentPostprocessing = 0;
		};
		84751F3325C9359B008B5DCD /* Frameworks */ = {
			isa = PBXFrameworksBuildPhase;
			buildActionMask = 2147483647;
			files = (
			);
			runOnlyForDeploymentPostprocessing = 0;
		};
		84751F3E25C9359B008B5DCD /* Frameworks */ = {
			isa = PBXFrameworksBuildPhase;
			buildActionMask = 2147483647;
			files = (
			);
			runOnlyForDeploymentPostprocessing = 0;
		};
/* End PBXFrameworksBuildPhase section */

/* Begin PBXGroup section */
		84751F1725C93596008B5DCD = {
			isa = PBXGroup;
			children = (
				84751F2225C93596008B5DCD /* prework */,
				84751F3925C9359B008B5DCD /* preworkTests */,
				84751F4425C9359B008B5DCD /* preworkUITests */,
				84751F2125C93596008B5DCD /* Products */,
			);
			sourceTree = "<group>";
		};
		84751F2125C93596008B5DCD /* Products */ = {
			isa = PBXGroup;
			children = (
				84751F2025C93596008B5DCD /* prework.app */,
				84751F3625C9359B008B5DCD /* preworkTests.xctest */,
				84751F4125C9359B008B5DCD /* preworkUITests.xctest */,
			);
			name = Products;
			sourceTree = "<group>";
		};
		84751F2225C93596008B5DCD /* prework */ = {
			isa = PBXGroup;
			children = (
				84751F2325C93596008B5DCD /* AppDelegate.swift */,
				84751F2525C93597008B5DCD /* SceneDelegate.swift */,
				84751F2725C93597008B5DCD /* ViewController.swift */,
				84751F2925C93597008B5DCD /* Main.storyboard */,
				84751F2C25C9359A008B5DCD /* Assets.xcassets */,
				84751F2E25C9359A008B5DCD /* LaunchScreen.storyboard */,
				84751F3125C9359A008B5DCD /* Info.plist */,
			);
			path = prework;
			sourceTree = "<group>";
		};
		84751F3925C9359B008B5DCD /* preworkTests */ = {
			isa = PBXGroup;
			children = (
				84751F3A25C9359B008B5DCD /* preworkTests.swift */,
				84751F3C25C9359B008B5DCD /* Info.plist */,
			);
			path = preworkTests;
			sourceTree = "<group>";
		};
		84751F4425C9359B008B5DCD /* preworkUITests */ = {
			isa = PBXGroup;
			children = (
				84751F4525C9359B008B5DCD /* preworkUITests.swift */,
				84751F4725C9359B008B5DCD /* Info.plist */,
			);
			path = preworkUITests;
			sourceTree = "<group>";
		};
/* End PBXGroup section */

/* Begin PBXNativeTarget section */
		84751F1F25C93596008B5DCD /* prework */ = {
			isa = PBXNativeTarget;
			buildConfigurationList = 84751F4A25C9359B008B5DCD /* Build configuration list for PBXNativeTarget "prework" */;
			buildPhases = (
				84751F1C25C93596008B5DCD /* Sources */,
				84751F1D25C93596008B5DCD /* Frameworks */,
				84751F1E25C93596008B5DCD /* Resources */,
			);
			buildRules = (
			);
			dependencies = (
			);
			name = prework;
			productName = prework;
			productReference = 84751F2025C93596008B5DCD /* prework.app */;
			productType = "com.apple.product-type.application";
		};
		84751F3525C9359B008B5DCD /* preworkTests */ = {
			isa = PBXNativeTarget;
			buildConfigurationList = 84751F4D25C9359B008B5DCD /* Build configuration list for PBXNativeTarget "preworkTests" */;
			buildPhases = (
				84751F3225C9359B008B5DCD /* Sources */,
				84751F3325C9359B008B5DCD /* Frameworks */,
				84751F3425C9359B008B5DCD /* Resources */,
			);
			buildRules = (
			);
			dependencies = (
				84751F3825C9359B008B5DCD /* PBXTargetDependency */,
			);
			name = preworkTests;
			productName = preworkTests;
			productReference = 84751F3625C9359B008B5DCD /* preworkTests.xctest */;
			productType = "com.apple.product-type.bundle.unit-test";
		};
		84751F4025C9359B008B5DCD /* preworkUITests */ = {
			isa = PBXNativeTarget;
			buildConfigurationList = 84751F5025C9359B008B5DCD /* Build configuration list for PBXNativeTarget "preworkUITests" */;
			buildPhases = (
				84751F3D25C9359B008B5DCD /* Sources */,
				84751F3E25C9359B008B5DCD /* Frameworks */,
				84751F3F25C9359B008B5DCD /* Resources */,
			);
			buildRules = (
			);
			dependencies = (
				84751F4325C9359B008B5DCD /* PBXTargetDependency */,
			);
			name = preworkUITests;
			productName = preworkUITests;
			productReference = 84751F4125C9359B008B5DCD /* preworkUITests.xctest */;
			productType = "com.apple.product-type.bundle.ui-testing";
		};
/* End PBXNativeTarget section */

/* Begin PBXProject section */
		84751F1825C93596008B5DCD /* Project object */ = {
			isa = PBXProject;
			attributes = {
				LastSwiftUpdateCheck = 1240;
				LastUpgradeCheck = 1240;
				TargetAttributes = {
					84751F1F25C93596008B5DCD = {
						CreatedOnToolsVersion = 12.4;
					};
					84751F3525C9359B008B5DCD = {
						CreatedOnToolsVersion = 12.4;
						TestTargetID = 84751F1F25C93596008B5DCD;
					};
					84751F4025C9359B008B5DCD = {
						CreatedOnToolsVersion = 12.4;
						TestTargetID = 84751F1F25C93596008B5DCD;
					};
				};
			};
			buildConfigurationList = 84751F1B25C93596008B5DCD /* Build configuration list for PBXProject "prework" */;
			compatibilityVersion = "Xcode 9.3";
			developmentRegion = en;
			hasScannedForEncodings = 0;
			knownRegions = (
				en,
				Base,
			);
			mainGroup = 84751F1725C93596008B5DCD;
			productRefGroup = 84751F2125C93596008B5DCD /* Products */;
			projectDirPath = "";
			projectRoot = "";
			targets = (
				84751F1F25C93596008B5DCD /* prework */,
				84751F3525C9359B008B5DCD /* preworkTests */,
				84751F4025C9359B008B5DCD /* preworkUITests */,
			);
		};
/* End PBXProject section */

/* Begin PBXResourcesBuildPhase section */
		84751F1E25C93596008B5DCD /* Resources */ = {
			isa = PBXResourcesBuildPhase;
			buildActionMask = 2147483647;
			files = (
				84751F3025C9359A008B5DCD /* LaunchScreen.storyboard in Resources */,
				84751F2D25C9359A008B5DCD /* Assets.xcassets in Resources */,
				84751F2B25C93597008B5DCD /* Main.storyboard in Resources */,
			);
			runOnlyForDeploymentPostprocessing = 0;
		};
		84751F3425C9359B008B5DCD /* Resources */ = {
			isa = PBXResourcesBuildPhase;
			buildActionMask = 2147483647;
			files = (
			);
			runOnlyForDeploymentPostprocessing = 0;
		};
		84751F3F25C9359B008B5DCD /* Resources */ = {
			isa = PBXResourcesBuildPhase;
			buildActionMask = 2147483647;
			files = (
			);
			runOnlyForDeploymentPostprocessing = 0;
		};
/* End PBXResourcesBuildPhase section */

/* Begin PBXSourcesBuildPhase section */
		84751F1C25C93596008B5DCD /* Sources */ = {
			isa = PBXSourcesBuildPhase;
			buildActionMask = 2147483647;
			files = (
				84751F2825C93597008B5DCD /* ViewController.swift in Sources */,
				84751F2425C93596008B5DCD /* AppDelegate.swift in Sources */,
				84751F2625C93597008B5DCD /* SceneDelegate.swift in Sources */,
			);
			runOnlyForDeploymentPostprocessing = 0;
		};
		84751F3225C9359B008B5DCD /* Sources */ = {
			isa = PBXSourcesBuildPhase;
			buildActionMask = 2147483647;
			files = (
				84751F3B25C9359B008B5DCD /* preworkTests.swift in Sources */,
			);
			runOnlyForDeploymentPostprocessing = 0;
		};
		84751F3D25C9359B008B5DCD /* Sources */ = {
			isa = PBXSourcesBuildPhase;
			buildActionMask = 2147483647;
			files = (
				84751F4625C9359B008B5DCD /* preworkUITests.swift in Sources */,
			);
			runOnlyForDeploymentPostprocessing = 0;
		};
/* End PBXSourcesBuildPhase section */

/* Begin PBXTargetDependency section */
		84751F3825C9359B008B5DCD /* PBXTargetDependency */ = {
			isa = PBXTargetDependency;
			target = 84751F1F25C93596008B5DCD /* prework */;
			targetProxy = 84751F3725C9359B008B5DCD /* PBXContainerItemProxy */;
		};
		84751F4325C9359B008B5DCD /* PBXTargetDependency */ = {
			isa = PBXTargetDependency;
			target = 84751F1F25C93596008B5DCD /* prework */;
			targetProxy = 84751F4225C9359B008B5DCD /* PBXContainerItemProxy */;
		};
/* End PBXTargetDependency section */

/* Begin PBXVariantGroup section */
		84751F2925C93597008B5DCD /* Main.storyboard */ = {
			isa = PBXVariantGroup;
			children = (
				84751F2A25C93597008B5DCD /* Base */,
			);
			name = Main.storyboard;
			sourceTree = "<group>";
		};
		84751F2E25C9359A008B5DCD /* LaunchScreen.storyboard */ = {
			isa = PBXVariantGroup;
			children = (
				84751F2F25C9359A008B5DCD /* Base */,
			);
			name = LaunchScreen.storyboard;
			sourceTree = "<group>";
		};
/* End PBXVariantGroup section */

/* Begin XCBuildConfiguration section */
		84751F4825C9359B008B5DCD /* Debug */ = {
			isa = XCBuildConfiguration;
			buildSettings = {
				ALWAYS_SEARCH_USER_PATHS = NO;
				CLANG_ANALYZER_NONNULL = YES;
				CLANG_ANALYZER_NUMBER_OBJECT_CONVERSION = YES_AGGRESSIVE;
				CLANG_CXX_LANGUAGE_STANDARD = "gnu++14";
				CLANG_CXX_LIBRARY = "libc++";
				CLANG_ENABLE_MODULES = YES;
				CLANG_ENABLE_OBJC_ARC = YES;
				CLANG_ENABLE_OBJC_WEAK = YES;
				CLANG_WARN_BLOCK_CAPTURE_AUTORELEASING = YES;
				CLANG_WARN_BOOL_CONVERSION = YES;
				CLANG_WARN_COMMA = YES;
				CLANG_WARN_CONSTANT_CONVERSION = YES;
				CLANG_WARN_DEPRECATED_OBJC_IMPLEMENTATIONS = YES;
				CLANG_WARN_DIRECT_OBJC_ISA_USAGE = YES_ERROR;
				CLANG_WARN_DOCUMENTATION_COMMENTS = YES;
				CLANG_WARN_EMPTY_BODY = YES;
				CLANG_WARN_ENUM_CONVERSION = YES;
				CLANG_WARN_INFINITE_RECURSION = YES;
				CLANG_WARN_INT_CONVERSION = YES;
				CLANG_WARN_NON_LITERAL_NULL_CONVERSION = YES;
				CLANG_WARN_OBJC_IMPLICIT_RETAIN_SELF = YES;
				CLANG_WARN_OBJC_LITERAL_CONVERSION = YES;
				CLANG_WARN_OBJC_ROOT_CLASS = YES_ERROR;
				CLANG_WARN_QUOTED_INCLUDE_IN_FRAMEWORK_HEADER = YES;
				CLANG_WARN_RANGE_LOOP_ANALYSIS = YES;
				CLANG_WARN_STRICT_PROTOTYPES = YES;
				CLANG_WARN_SUSPICIOUS_MOVE = YES;
				CLANG_WARN_UNGUARDED_AVAILABILITY = YES_AGGRESSIVE;
				CLANG_WARN_UNREACHABLE_CODE = YES;
				CLANG_WARN__DUPLICATE_METHOD_MATCH = YES;
				COPY_PHASE_STRIP = NO;
				DEBUG_INFORMATION_FORMAT = dwarf;
				ENABLE_STRICT_OBJC_MSGSEND = YES;
				ENABLE_TESTABILITY = YES;
				GCC_C_LANGUAGE_STANDARD = gnu11;
				GCC_DYNAMIC_NO_PIC = NO;
				GCC_NO_COMMON_BLOCKS = YES;
				GCC_OPTIMIZATION_LEVEL = 0;
				GCC_PREPROCESSOR_DEFINITIONS = (
					"DEBUG=1",
					"$(inherited)",
				);
				GCC_WARN_64_TO_32_BIT_CONVERSION = YES;
				GCC_WARN_ABOUT_RETURN_TYPE = YES_ERROR;
				GCC_WARN_UNDECLARED_SELECTOR = YES;
				GCC_WARN_UNINITIALIZED_AUTOS = YES_AGGRESSIVE;
				GCC_WARN_UNUSED_FUNCTION = YES;
				GCC_WARN_UNUSED_VARIABLE = YES;
				IPHONEOS_DEPLOYMENT_TARGET = 14.4;
				MTL_ENABLE_DEBUG_INFO = INCLUDE_SOURCE;
				MTL_FAST_MATH = YES;
				ONLY_ACTIVE_ARCH = YES;
				SDKROOT = iphoneos;
				SWIFT_ACTIVE_COMPILATION_CONDITIONS = DEBUG;
				SWIFT_OPTIMIZATION_LEVEL = "-Onone";
			};
			name = Debug;
		};
		84751F4925C9359B008B5DCD /* Release */ = {
			isa = XCBuildConfiguration;
			buildSettings = {
				ALWAYS_SEARCH_USER_PATHS = NO;
				CLANG_ANALYZER_NONNULL = YES;
				CLANG_ANALYZER_NUMBER_OBJECT_CONVERSION = YES_AGGRESSIVE;
				CLANG_CXX_LANGUAGE_STANDARD = "gnu++14";
				CLANG_CXX_LIBRARY = "libc++";
				CLANG_ENABLE_MODULES = YES;
				CLANG_ENABLE_OBJC_ARC = YES;
				CLANG_ENABLE_OBJC_WEAK = YES;
				CLANG_WARN_BLOCK_CAPTURE_AUTORELEASING = YES;
				CLANG_WARN_BOOL_CONVERSION = YES;
				CLANG_WARN_COMMA = YES;
				CLANG_WARN_CONSTANT_CONVERSION = YES;
				CLANG_WARN_DEPRECATED_OBJC_IMPLEMENTATIONS = YES;
				CLANG_WARN_DIRECT_OBJC_ISA_USAGE = YES_ERROR;
				CLANG_WARN_DOCUMENTATION_COMMENTS = YES;
				CLANG_WARN_EMPTY_BODY = YES;
				CLANG_WARN_ENUM_CONVERSION = YES;
				CLANG_WARN_INFINITE_RECURSION = YES;
				CLANG_WARN_INT_CONVERSION = YES;
				CLANG_WARN_NON_LITERAL_NULL_CONVERSION = YES;
				CLANG_WARN_OBJC_IMPLICIT_RETAIN_SELF = YES;
				CLANG_WARN_OBJC_LITERAL_CONVERSION = YES;
				CLANG_WARN_OBJC_ROOT_CLASS = YES_ERROR;
				CLANG_WARN_QUOTED_INCLUDE_IN_FRAMEWORK_HEADER = YES;
				CLANG_WARN_RANGE_LOOP_ANALYSIS = YES;
				CLANG_WARN_STRICT_PROTOTYPES = YES;
				CLANG_WARN_SUSPICIOUS_MOVE = YES;
				CLANG_WARN_UNGUARDED_AVAILABILITY = YES_AGGRESSIVE;
				CLANG_WARN_UNREACHABLE_CODE = YES;
				CLANG_WARN__DUPLICATE_METHOD_MATCH = YES;
				COPY_PHASE_STRIP = NO;
				DEBUG_INFORMATION_FORMAT = "dwarf-with-dsym";
				ENABLE_NS_ASSERTIONS = NO;
				ENABLE_STRICT_OBJC_MSGSEND = YES;
				GCC_C_LANGUAGE_STANDARD = gnu11;
				GCC_NO_COMMON_BLOCKS = YES;
				GCC_WARN_64_TO_32_BIT_CONVERSION = YES;
				GCC_WARN_ABOUT_RETURN_TYPE = YES_ERROR;
				GCC_WARN_UNDECLARED_SELECTOR = YES;
				GCC_WARN_UNINITIALIZED_AUTOS = YES_AGGRESSIVE;
				GCC_WARN_UNUSED_FUNCTION = YES;
				GCC_WARN_UNUSED_VARIABLE = YES;
				IPHONEOS_DEPLOYMENT_TARGET = 14.4;
				MTL_ENABLE_DEBUG_INFO = NO;
				MTL_FAST_MATH = YES;
				SDKROOT = iphoneos;
				SWIFT_COMPILATION_MODE = wholemodule;
				SWIFT_OPTIMIZATION_LEVEL = "-O";
				VALIDATE_PRODUCT = YES;
			};
			name = Release;
		};
		84751F4B25C9359B008B5DCD /* Debug */ = {
			isa = XCBuildConfiguration;
			buildSettings = {
				ASSETCATALOG_COMPILER_APPICON_NAME = AppIcon;
				ASSETCATALOG_COMPILER_GLOBAL_ACCENT_COLOR_NAME = AccentColor;
				CODE_SIGN_STYLE = Automatic;
				DEVELOPMENT_TEAM = 8QRRYTZ35K;
				INFOPLIST_FILE = prework/Info.plist;
				LD_RUNPATH_SEARCH_PATHS = (
					"$(inherited)",
					"@executable_path/Frameworks",
				);
				PRODUCT_BUNDLE_IDENTIFIER = "mobile-app-dev.com.prework";
				PRODUCT_NAME = "$(TARGET_NAME)";
				SWIFT_VERSION = 5.0;
				TARGETED_DEVICE_FAMILY = "1,2";
			};
			name = Debug;
		};
		84751F4C25C9359B008B5DCD /* Release */ = {
			isa = XCBuildConfiguration;
			buildSettings = {
				ASSETCATALOG_COMPILER_APPICON_NAME = AppIcon;
				ASSETCATALOG_COMPILER_GLOBAL_ACCENT_COLOR_NAME = AccentColor;
				CODE_SIGN_STYLE = Automatic;
				DEVELOPMENT_TEAM = 8QRRYTZ35K;
				INFOPLIST_FILE = prework/Info.plist;
				LD_RUNPATH_SEARCH_PATHS = (
					"$(inherited)",
					"@executable_path/Frameworks",
				);
				PRODUCT_BUNDLE_IDENTIFIER = "mobile-app-dev.com.prework";
				PRODUCT_NAME = "$(TARGET_NAME)";
				SWIFT_VERSION = 5.0;
				TARGETED_DEVICE_FAMILY = "1,2";
			};
			name = Release;
		};
		84751F4E25C9359B008B5DCD /* Debug */ = {
			isa = XCBuildConfiguration;
			buildSettings = {
				ALWAYS_EMBED_SWIFT_STANDARD_LIBRARIES = YES;
				BUNDLE_LOADER = "$(TEST_HOST)";
				CODE_SIGN_STYLE = Automatic;
				INFOPLIST_FILE = preworkTests/Info.plist;
				IPHONEOS_DEPLOYMENT_TARGET = 14.4;
				LD_RUNPATH_SEARCH_PATHS = (
					"$(inherited)",
					"@executable_path/Frameworks",
					"@loader_path/Frameworks",
				);
				PRODUCT_BUNDLE_IDENTIFIER = "mobile-app-dev.com.preworkTests";
				PRODUCT_NAME = "$(TARGET_NAME)";
				SWIFT_VERSION = 5.0;
				TARGETED_DEVICE_FAMILY = "1,2";
				TEST_HOST = "$(BUILT_PRODUCTS_DIR)/prework.app/prework";
			};
			name = Debug;
		};
		84751F4F25C9359B008B5DCD /* Release */ = {
			isa = XCBuildConfiguration;
			buildSettings = {
				ALWAYS_EMBED_SWIFT_STANDARD_LIBRARIES = YES;
				BUNDLE_LOADER = "$(TEST_HOST)";
				CODE_SIGN_STYLE = Automatic;
				INFOPLIST_FILE = preworkTests/Info.plist;
				IPHONEOS_DEPLOYMENT_TARGET = 14.4;
				LD_RUNPATH_SEARCH_PATHS = (
					"$(inherited)",
					"@executable_path/Frameworks",
					"@loader_path/Frameworks",
				);
				PRODUCT_BUNDLE_IDENTIFIER = "mobile-app-dev.com.preworkTests";
				PRODUCT_NAME = "$(TARGET_NAME)";
				SWIFT_VERSION = 5.0;
				TARGETED_DEVICE_FAMILY = "1,2";
				TEST_HOST = "$(BUILT_PRODUCTS_DIR)/prework.app/prework";
			};
			name = Release;
		};
		84751F5125C9359B008B5DCD /* Debug */ = {
			isa = XCBuildConfiguration;
			buildSettings = {
				ALWAYS_EMBED_SWIFT_STANDARD_LIBRARIES = YES;
				CODE_SIGN_STYLE = Automatic;
				INFOPLIST_FILE = preworkUITests/Info.plist;
				LD_RUNPATH_SEARCH_PATHS = (
					"$(inherited)",
					"@executable_path/Frameworks",
					"@loader_path/Frameworks",
				);
				PRODUCT_BUNDLE_IDENTIFIER = "mobile-app-dev.com.preworkUITests";
				PRODUCT_NAME = "$(TARGET_NAME)";
				SWIFT_VERSION = 5.0;
				TARGETED_DEVICE_FAMILY = "1,2";
				TEST_TARGET_NAME = prework;
			};
			name = Debug;
		};
		84751F5225C9359B008B5DCD /* Release */ = {
			isa = XCBuildConfiguration;
			buildSettings = {
				ALWAYS_EMBED_SWIFT_STANDARD_LIBRARIES = YES;
				CODE_SIGN_STYLE = Automatic;
				INFOPLIST_FILE = preworkUITests/Info.plist;
				LD_RUNPATH_SEARCH_PATHS = (
					"$(inherited)",
					"@executable_path/Frameworks",
					"@loader_path/Frameworks",
				);
				PRODUCT_BUNDLE_IDENTIFIER = "mobile-app-dev.com.preworkUITests";
				PRODUCT_NAME = "$(TARGET_NAME)";
				SWIFT_VERSION = 5.0;
				TARGETED_DEVICE_FAMILY = "1,2";
				TEST_TARGET_NAME = prework;
			};
			name = Release;
		};
/* End XCBuildConfiguration section */

/* Begin XCConfigurationList section */
		84751F1B25C93596008B5DCD /* Build configuration list for PBXProject "prework" */ = {
			isa = XCConfigurationList;
			buildConfigurations = (
				84751F4825C9359B008B5DCD /* Debug */,
				84751F4925C9359B008B5DCD /* Release */,
			);
			defaultConfigurationIsVisible = 0;
			defaultConfigurationName = Release;
		};
		84751F4A25C9359B008B5DCD /* Build configuration list for PBXNativeTarget "prework" */ = {
			isa = XCConfigurationList;
			buildConfigurations = (
				84751F4B25C9359B008B5DCD /* Debug */,
				84751F4C25C9359B008B5DCD /* Release */,
			);
			defaultConfigurationIsVisible = 0;
			defaultConfigurationName = Release;
		};
		84751F4D25C9359B008B5DCD /* Build configuration list for PBXNativeTarget "preworkTests" */ = {
			isa = XCConfigurationList;
			buildConfigurations = (
				84751F4E25C9359B008B5DCD /* Debug */,
				84751F4F25C9359B008B5DCD /* Release */,
			);
			defaultConfigurationIsVisible = 0;
			defaultConfigurationName = Release;
		};
		84751F5025C9359B008B5DCD /* Build configuration list for PBXNativeTarget "preworkUITests" */ = {
			isa = XCConfigurationList;
			buildConfigurations = (
				84751F5125C9359B008B5DCD /* Debug */,
				84751F5225C9359B008B5DCD /* Release */,
			);
			defaultConfigurationIsVisible = 0;
			defaultConfigurationName = Release;
		};
/* End XCConfigurationList section */
	};
	rootObject = 84751F1825C93596008B5DCD /* Project object */;
}
